
Microsoft Visual Studio Solution File, Format Version 12.00
# Visual Studio Version 17
VisualStudioVersion = 17.14.37111.16 d17.14
MinimumVisualStudioVersion = 10.0.40219.1
Project("{FAE04EC0-301F-11D3-BF4B-00C04F79EFBC}") = "dictionary_maker", "dictionary_maker.csproj", "{3CED51A6-E085-4EA4-B1E0-717C4D9A47E7}"
EndProject
Global
	GlobalSection(SolutionConfigurationPlatforms) = preSolution
		Debug|Any CPU = Debug|Any CPU
		Release|Any CPU = Release|Any CPU
	EndGlobalSection
	GlobalSection(ProjectConfigurationPlatforms) = postSolution
		{3CED51A6-E085-4EA4-B1E0-717C4D9A47E7}.Debug|Any CPU.ActiveCfg = Debug|Any CPU
		{3CED51A6-E085-4EA4-B1E0-717C4D9A47E7}.Debug|Any CPU.Build.0 = Debug|Any CPU
		{3CED51A6-E085-4EA4-B1E0-717C4D9A47E7}.Release|Any CPU.ActiveCfg = Release|Any CPU
		{3CED51A6-E085-4EA4-B1E0-717C4D9A47E7}.Release|Any CPU.Build.0 = Release|Any CPU
	EndGlobalSection
	GlobalSection(SolutionProperties) = preSolution
		HideSolutionNode = FALSE
	EndGlobalSection
	GlobalSection(ExtensibilityGlobals) = postSolution
		SolutionGuid = {A3742B6C-971C-40C4-95FB-D78E4CE408CD}
	EndGlobalSection
EndGlobal
